
Microsoft Visual Studio Solution File, Format Version 12.00
# Visual Studio Version 17
VisualStudioVersion = 17.5.33516.290
MinimumVisualStudioVersion = 10.0.40219.1
Project("{FAE04EC0-301F-11D3-BF4B-00C04F79EFBC}") = "Hospital.Web", "Hospital.Web\Hospital.Web.csproj", "{7AFDA22A-603A-4638-BD7E-F983E821EDF1}"
EndProject
Global
	GlobalSection(SolutionConfigurationPlatforms) = preSolution
		Debug|Any CPU = Debug|Any CPU
		Release|Any CPU = Release|Any CPU
	EndGlobalSection
	GlobalSection(ProjectConfigurationPlatforms) = postSolution
		{7AFDA22A-603A-4638-BD7E-F983E821EDF1}.Debug|Any CPU.ActiveCfg = Debug|Any CPU
		{7AFDA22A-603A-4638-BD7E-F983E821EDF1}.Debug|Any CPU.Build.0 = Debug|Any CPU
		{7AFDA22A-603A-4638-BD7E-F983E821EDF1}.Release|Any CPU.ActiveCfg = Release|Any CPU
		{7AFDA22A-603A-4638-BD7E-F983E821EDF1}.Release|Any CPU.Build.0 = Release|Any CPU
	EndGlobalSection
	GlobalSection(SolutionProperties) = preSolution
		HideSolutionNode = FALSE
	EndGlobalSection
	GlobalSection(ExtensibilityGlobals) = postSolution
		SolutionGuid = {2BF8F857-011B-4420-8A02-AF44E8D5F787}
	EndGlobalSection
EndGlobal
